
Microsoft Visual Studio Solution File, Format Version 12.00
# Visual Studio 2015
Project("{FAE04EC0-301F-11D3-BF4B-00C04F79EFBC}") = "Async Shadow", "Async Shadow.csproj", "{57075697-A3E1-9F0D-A1EC-EA6BCBF38CCC}"
EndProject
Global
	GlobalSection(SolutionConfigurationPlatforms) = preSolution
		Debug|Any CPU = Debug|Any CPU
		Release|Any CPU = Release|Any CPU
	EndGlobalSection
	GlobalSection(ProjectConfigurationPlatforms) = postSolution
		{57075697-A3E1-9F0D-A1EC-EA6BCBF38CCC}.Debug|Any CPU.ActiveCfg = Debug|Any CPU
		{57075697-A3E1-9F0D-A1EC-EA6BCBF38CCC}.Debug|Any CPU.Build.0 = Debug|Any CPU
		{57075697-A3E1-9F0D-A1EC-EA6BCBF38CCC}.Release|Any CPU.ActiveCfg = Release|Any CPU
		{57075697-A3E1-9F0D-A1EC-EA6BCBF38CCC}.Release|Any CPU.Build.0 = Release|Any CPU
	EndGlobalSection
	GlobalSection(SolutionProperties) = preSolution
		HideSolutionNode = FALSE
	EndGlobalSection
EndGlobal
